# THIS IS AN AUTOGENERATED FILE. DO NOT EDIT THIS FILE DIRECTLY.
# yarn lockfile v1


typescript@^3.9.7:
  version "3.9.7"
  resolved "https://registry.yarnpkg.com/typescript/-/typescript-3.9.7.tgz#98d600a5ebdc38f40cb277522f12dc800e9e25fa"
  integrity sha512-BLbiRkiBzAwsjut4x/dsibSTB6yWpwT5qWmC2OfuCg3GgVQCSgMs4vEctYPhsaGtd0AeuuHMkjZ2h2WG8MSzRw==

vue-property-decorator@^9.0.0:
  version "9.0.0"
  resolved "https://registry.yarnpkg.com/vue-property-decorator/-/vue-property-decorator-9.0.0.tgz#0a5f6d47d33ca62a8876108ccfa65c2c4fb7325a"
  integrity sha512-oegTNPItuHOkW0AP1MnbdNwkmyhfsUIIXvIRHpgC18tVoEo21/i6kItyeekjMs8JgZJeuHzsaTc/DZaJFH4IWQ==

vue@^2.6.11:
  version "2.6.11"
  resolved "https://registry.yarnpkg.com/vue/-/vue-2.6.11.tgz#76594d877d4b12234406e84e35275c6d514125c5"
  integrity sha512-VfPwgcGABbGAue9+sfrD4PuwFar7gPb1yl1UK1MwXoQPAw0BKSqWfoYCT/ThFrdEVWoI51dBuyCoiNU9bZDZxQ==

vuex-class@^0.3.2:
  version "0.3.2"
  resolved "https://registry.yarnpkg.com/vuex-class/-/vuex-class-0.3.2.tgz#c7e96a076c1682137d4d23a8dcfdc63f220e17a8"
  integrity sha512-m0w7/FMsNcwJgunJeM+wcNaHzK2KX1K1rw2WUQf7Q16ndXHo7pflRyOV/E8795JO/7fstyjH3EgqBI4h4n4qXQ==
